
Microsoft Visual Studio Solution File, Format Version 12.00
# Visual Studio 2013
VisualStudioVersion = 12.0.21005.1
MinimumVisualStudioVersion = 10.0.40219.1
Project("{FAE04EC0-301F-11D3-BF4B-00C04F79EFBC}") = "Problem1", "Problem1\Problem1.csproj", "{A700E4FC-0087-4230-91BD-73A963A6BEF0}"
EndProject
Project("{FAE04EC0-301F-11D3-BF4B-00C04F79EFBC}") = "BankTest", "UnitTestProject1\BankTest.csproj", "{4D11849D-1902-4C25-9764-37908A35F1B7}"
EndProject
Project("{FAE04EC0-301F-11D3-BF4B-00C04F79EFBC}") = "Problem2", "Problem2\Problem2.csproj", "{98F26D0B-353F-430B-99D0-D8B64962DEF3}"
EndProject
Project("{FAE04EC0-301F-11D3-BF4B-00C04F79EFBC}") = "StackTest", "StackTest\StackTest.csproj", "{38625FE5-1F62-4525-B5CA-B683D6CC360C}"
EndProject
Project("{FAE04EC0-301F-11D3-BF4B-00C04F79EFBC}") = "Problem3", "Problem3\Problem3.csproj", "{B7087C36-43E2-4614-B0D6-DDE788694426}"
EndProject
Project("{FAE04EC0-301F-11D3-BF4B-00C04F79EFBC}") = "QueueTest", "QueueTest\QueueTest.csproj", "{92C33366-98FF-43EC-BB57-45822A8ED835}"
EndProject
Global
	GlobalSection(SolutionConfigurationPlatforms) = preSolution
		Debug|Any CPU = Debug|Any CPU
		Release|Any CPU = Release|Any CPU
	EndGlobalSection
	GlobalSection(ProjectConfigurationPlatforms) = postSolution
		{A700E4FC-0087-4230-91BD-73A963A6BEF0}.Debug|Any CPU.ActiveCfg = Debug|Any CPU
		{A700E4FC-0087-4230-91BD-73A963A6BEF0}.Debug|Any CPU.Build.0 = Debug|Any CPU
		{A700E4FC-0087-4230-91BD-73A963A6BEF0}.Release|Any CPU.ActiveCfg = Release|Any CPU
		{A700E4FC-0087-4230-91BD-73A963A6BEF0}.Release|Any CPU.Build.0 = Release|Any CPU
		{4D11849D-1902-4C25-9764-37908A35F1B7}.Debug|Any CPU.ActiveCfg = Debug|Any CPU
		{4D11849D-1902-4C25-9764-37908A35F1B7}.Debug|Any CPU.Build.0 = Debug|Any CPU
		{4D11849D-1902-4C25-9764-37908A35F1B7}.Release|Any CPU.ActiveCfg = Release|Any CPU
		{4D11849D-1902-4C25-9764-37908A35F1B7}.Release|Any CPU.Build.0 = Release|Any CPU
		{98F26D0B-353F-430B-99D0-D8B64962DEF3}.Debug|Any CPU.ActiveCfg = Debug|Any CPU
		{98F26D0B-353F-430B-99D0-D8B64962DEF3}.Debug|Any CPU.Build.0 = Debug|Any CPU
		{98F26D0B-353F-430B-99D0-D8B64962DEF3}.Release|Any CPU.ActiveCfg = Release|Any CPU
		{98F26D0B-353F-430B-99D0-D8B64962DEF3}.Release|Any CPU.Build.0 = Release|Any CPU
		{38625FE5-1F62-4525-B5CA-B683D6CC360C}.Debug|Any CPU.ActiveCfg = Debug|Any CPU
		{38625FE5-1F62-4525-B5CA-B683D6CC360C}.Debug|Any CPU.Build.0 = Debug|Any CPU
		{38625FE5-1F62-4525-B5CA-B683D6CC360C}.Release|Any CPU.ActiveCfg = Release|Any CPU
		{38625FE5-1F62-4525-B5CA-B683D6CC360C}.Release|Any CPU.Build.0 = Release|Any CPU
		{B7087C36-43E2-4614-B0D6-DDE788694426}.Debug|Any CPU.ActiveCfg = Debug|Any CPU
		{B7087C36-43E2-4614-B0D6-DDE788694426}.Debug|Any CPU.Build.0 = Debug|Any CPU
		{B7087C36-43E2-4614-B0D6-DDE788694426}.Release|Any CPU.ActiveCfg = Release|Any CPU
		{B7087C36-43E2-4614-B0D6-DDE788694426}.Release|Any CPU.Build.0 = Release|Any CPU
		{92C33366-98FF-43EC-BB57-45822A8ED835}.Debug|Any CPU.ActiveCfg = Debug|Any CPU
		{92C33366-98FF-43EC-BB57-45822A8ED835}.Debug|Any CPU.Build.0 = Debug|Any CPU
		{92C33366-98FF-43EC-BB57-45822A8ED835}.Release|Any CPU.ActiveCfg = Release|Any CPU
		{92C33366-98FF-43EC-BB57-45822A8ED835}.Release|Any CPU.Build.0 = Release|Any CPU
	EndGlobalSection
	GlobalSection(SolutionProperties) = preSolution
		HideSolutionNode = FALSE
	EndGlobalSection
EndGlobal
